
Microsoft Visual Studio Solution File, Format Version 12.00
# Visual Studio Version 17
VisualStudioVersion = 17.0.31903.59
MinimumVisualStudioVersion = 10.0.40219.1
Project("{2150E333-8FDC-42A3-9474-1A3956D46DE8}") = "src", "src", "{827E0CD3-B72D-47B6-A68D-7590B98EB39B}"
EndProject
Project("{2150E333-8FDC-42A3-9474-1A3956D46DE8}") = "Core", "Core", "{8D626EA8-CB54-BC41-363A-217881BEBA6E}"
EndProject
Project("{FAE04EC0-301F-11D3-BF4B-00C04F79EFBC}") = "Aries.Contabilidad.Core", "src\Core\Aries.Contabilidad.Core\Aries.Contabilidad.Core.csproj", "{A62201D8-034B-446D-98E6-0DF428BC0E8B}"
EndProject
Project("{FAE04EC0-301F-11D3-BF4B-00C04F79EFBC}") = "AriesContador.Core", "src\Core\AriesContador.Core\AriesContador.Core.csproj", "{68C6F24F-881D-4468-9D25-CA34DA9F88D6}"
EndProject
Project("{FAE04EC0-301F-11D3-BF4B-00C04F79EFBC}") = "AriesContador.Data", "src\Core\AriesContador.Data\AriesContador.Data.csproj", "{DB4D9E2B-0843-4C1B-919A-FA8CCE093D0B}"
EndProject
Project("{2150E333-8FDC-42A3-9474-1A3956D46DE8}") = "Services", "Services", "{984BB9B3-3FA3-BE33-9484-CAC21695A33C}"
EndProject
Project("{FAE04EC0-301F-11D3-BF4B-00C04F79EFBC}") = "Aries.WebAPI", "src\Services\Aries.WebAPI\Aries.WebAPI.csproj", "{2C08F5C7-1E7C-4379-9F3E-08DFAFE34975}"
EndProject
Project("{FAE04EC0-301F-11D3-BF4B-00C04F79EFBC}") = "Aries.WebServices", "src\Services\Aries.WebServices\Aries.WebServices.csproj", "{4B6F3C98-CFA8-4BC2-9DCB-016CDD050AC8}"
EndProject
Project("{2150E333-8FDC-42A3-9474-1A3956D46DE8}") = "UI", "UI", "{BBB7B94B-6E11-D9F1-7BA6-9ECA82DB22BF}"
EndProject
Project("{FAE04EC0-301F-11D3-BF4B-00C04F79EFBC}") = "Aries.Contabilidad", "src\UI\Aries.Contabilidad\Aries.Contabilidad.csproj", "{858284C8-2CC1-41FE-8973-14894D30E26A}"
EndProject
Global
	GlobalSection(SolutionConfigurationPlatforms) = preSolution
		Debug|Any CPU = Debug|Any CPU
		Debug|x64 = Debug|x64
		Debug|x86 = Debug|x86
		Release|Any CPU = Release|Any CPU
		Release|x64 = Release|x64
		Release|x86 = Release|x86
	EndGlobalSection
	GlobalSection(ProjectConfigurationPlatforms) = postSolution
		{A62201D8-034B-446D-98E6-0DF428BC0E8B}.Debug|Any CPU.ActiveCfg = Debug|Any CPU
		{A62201D8-034B-446D-98E6-0DF428BC0E8B}.Debug|Any CPU.Build.0 = Debug|Any CPU
		{A62201D8-034B-446D-98E6-0DF428BC0E8B}.Debug|x64.ActiveCfg = Debug|Any CPU
		{A62201D8-034B-446D-98E6-0DF428BC0E8B}.Debug|x64.Build.0 = Debug|Any CPU
		{A62201D8-034B-446D-98E6-0DF428BC0E8B}.Debug|x86.ActiveCfg = Debug|Any CPU
		{A62201D8-034B-446D-98E6-0DF428BC0E8B}.Debug|x86.Build.0 = Debug|Any CPU
		{A62201D8-034B-446D-98E6-0DF428BC0E8B}.Release|Any CPU.ActiveCfg = Release|Any CPU
		{A62201D8-034B-446D-98E6-0DF428BC0E8B}.Release|Any CPU.Build.0 = Release|Any CPU
		{A62201D8-034B-446D-98E6-0DF428BC0E8B}.Release|x64.ActiveCfg = Release|Any CPU
		{A62201D8-034B-446D-98E6-0DF428BC0E8B}.Release|x64.Build.0 = Release|Any CPU
		{A62201D8-034B-446D-98E6-0DF428BC0E8B}.Release|x86.ActiveCfg = Release|Any CPU
		{A62201D8-034B-446D-98E6-0DF428BC0E8B}.Release|x86.Build.0 = Release|Any CPU
		{68C6F24F-881D-4468-9D25-CA34DA9F88D6}.Debug|Any CPU.ActiveCfg = Debug|Any CPU
		{68C6F24F-881D-4468-9D25-CA34DA9F88D6}.Debug|Any CPU.Build.0 = Debug|Any CPU
		{68C6F24F-881D-4468-9D25-CA34DA9F88D6}.Debug|x64.ActiveCfg = Debug|Any CPU
		{68C6F24F-881D-4468-9D25-CA34DA9F88D6}.Debug|x64.Build.0 = Debug|Any CPU
		{68C6F24F-881D-4468-9D25-CA34DA9F88D6}.Debug|x86.ActiveCfg = Debug|Any CPU
		{68C6F24F-881D-4468-9D25-CA34DA9F88D6}.Debug|x86.Build.0 = Debug|Any CPU
		{68C6F24F-881D-4468-9D25-CA34DA9F88D6}.Release|Any CPU.ActiveCfg = Release|Any CPU
		{68C6F24F-881D-4468-9D25-CA34DA9F88D6}.Release|Any CPU.Build.0 = Release|Any CPU
		{68C6F24F-881D-4468-9D25-CA34DA9F88D6}.Release|x64.ActiveCfg = Release|Any CPU
		{68C6F24F-881D-4468-9D25-CA34DA9F88D6}.Release|x64.Build.0 = Release|Any CPU
		{68C6F24F-881D-4468-9D25-CA34DA9F88D6}.Release|x86.ActiveCfg = Release|Any CPU
		{68C6F24F-881D-4468-9D25-CA34DA9F88D6}.Release|x86.Build.0 = Release|Any CPU
		{DB4D9E2B-0843-4C1B-919A-FA8CCE093D0B}.Debug|Any CPU.ActiveCfg = Debug|Any CPU
		{DB4D9E2B-0843-4C1B-919A-FA8CCE093D0B}.Debug|Any CPU.Build.0 = Debug|Any CPU
		{DB4D9E2B-0843-4C1B-919A-FA8CCE093D0B}.Debug|x64.ActiveCfg = Debug|Any CPU
		{DB4D9E2B-0843-4C1B-919A-FA8CCE093D0B}.Debug|x64.Build.0 = Debug|Any CPU
		{DB4D9E2B-0843-4C1B-919A-FA8CCE093D0B}.Debug|x86.ActiveCfg = Debug|Any CPU
		{DB4D9E2B-0843-4C1B-919A-FA8CCE093D0B}.Debug|x86.Build.0 = Debug|Any CPU
		{DB4D9E2B-0843-4C1B-919A-FA8CCE093D0B}.Release|Any CPU.ActiveCfg = Release|Any CPU
		{DB4D9E2B-0843-4C1B-919A-FA8CCE093D0B}.Release|Any CPU.Build.0 = Release|Any CPU
		{DB4D9E2B-0843-4C1B-919A-FA8CCE093D0B}.Release|x64.ActiveCfg = Release|Any CPU
		{DB4D9E2B-0843-4C1B-919A-FA8CCE093D0B}.Release|x64.Build.0 = Release|Any CPU
		{DB4D9E2B-0843-4C1B-919A-FA8CCE093D0B}.Release|x86.ActiveCfg = Release|Any CPU
		{DB4D9E2B-0843-4C1B-919A-FA8CCE093D0B}.Release|x86.Build.0 = Release|Any CPU
		{2C08F5C7-1E7C-4379-9F3E-08DFAFE34975}.Debug|Any CPU.ActiveCfg = Debug|Any CPU
		{2C08F5C7-1E7C-4379-9F3E-08DFAFE34975}.Debug|Any CPU.Build.0 = Debug|Any CPU
		{2C08F5C7-1E7C-4379-9F3E-08DFAFE34975}.Debug|x64.ActiveCfg = Debug|Any CPU
		{2C08F5C7-1E7C-4379-9F3E-08DFAFE34975}.Debug|x64.Build.0 = Debug|Any CPU
		{2C08F5C7-1E7C-4379-9F3E-08DFAFE34975}.Debug|x86.ActiveCfg = Debug|Any CPU
		{2C08F5C7-1E7C-4379-9F3E-08DFAFE34975}.Debug|x86.Build.0 = Debug|Any CPU
		{2C08F5C7-1E7C-4379-9F3E-08DFAFE34975}.Release|Any CPU.ActiveCfg = Release|Any CPU
		{2C08F5C7-1E7C-4379-9F3E-08DFAFE34975}.Release|Any CPU.Build.0 = Release|Any CPU
		{2C08F5C7-1E7C-4379-9F3E-08DFAFE34975}.Release|x64.ActiveCfg = Release|Any CPU
		{2C08F5C7-1E7C-4379-9F3E-08DFAFE34975}.Release|x64.Build.0 = Release|Any CPU
		{2C08F5C7-1E7C-4379-9F3E-08DFAFE34975}.Release|x86.ActiveCfg = Release|Any CPU
		{2C08F5C7-1E7C-4379-9F3E-08DFAFE34975}.Release|x86.Build.0 = Release|Any CPU
		{4B6F3C98-CFA8-4BC2-9DCB-016CDD050AC8}.Debug|Any CPU.ActiveCfg = Debug|Any CPU
		{4B6F3C98-CFA8-4BC2-9DCB-016CDD050AC8}.Debug|Any CPU.Build.0 = Debug|Any CPU
		{4B6F3C98-CFA8-4BC2-9DCB-016CDD050AC8}.Debug|x64.ActiveCfg = Debug|Any CPU
		{4B6F3C98-CFA8-4BC2-9DCB-016CDD050AC8}.Debug|x64.Build.0 = Debug|Any CPU
		{4B6F3C98-CFA8-4BC2-9DCB-016CDD050AC8}.Debug|x86.ActiveCfg = Debug|Any CPU
		{4B6F3C98-CFA8-4BC2-9DCB-016CDD050AC8}.Debug|x86.Build.0 = Debug|Any CPU
		{4B6F3C98-CFA8-4BC2-9DCB-016CDD050AC8}.Release|Any CPU.ActiveCfg = Release|Any CPU
		{4B6F3C98-CFA8-4BC2-9DCB-016CDD050AC8}.Release|Any CPU.Build.0 = Release|Any CPU
		{4B6F3C98-CFA8-4BC2-9DCB-016CDD050AC8}.Release|x64.ActiveCfg = Release|Any CPU
		{4B6F3C98-CFA8-4BC2-9DCB-016CDD050AC8}.Release|x64.Build.0 = Release|Any CPU
		{4B6F3C98-CFA8-4BC2-9DCB-016CDD050AC8}.Release|x86.ActiveCfg = Release|Any CPU
		{4B6F3C98-CFA8-4BC2-9DCB-016CDD050AC8}.Release|x86.Build.0 = Release|Any CPU
		{858284C8-2CC1-41FE-8973-14894D30E26A}.Debug|Any CPU.ActiveCfg = Debug|Any CPU
		{858284C8-2CC1-41FE-8973-14894D30E26A}.Debug|Any CPU.Build.0 = Debug|Any CPU
		{858284C8-2CC1-41FE-8973-14894D30E26A}.Debug|x64.ActiveCfg = Debug|Any CPU
		{858284C8-2CC1-41FE-8973-14894D30E26A}.Debug|x64.Build.0 = Debug|Any CPU
		{858284C8-2CC1-41FE-8973-14894D30E26A}.Debug|x86.ActiveCfg = Debug|Any CPU
		{858284C8-2CC1-41FE-8973-14894D30E26A}.Debug|x86.Build.0 = Debug|Any CPU
		{858284C8-2CC1-41FE-8973-14894D30E26A}.Release|Any CPU.ActiveCfg = Release|Any CPU
		{858284C8-2CC1-41FE-8973-14894D30E26A}.Release|Any CPU.Build.0 = Release|Any CPU
		{858284C8-2CC1-41FE-8973-14894D30E26A}.Release|x64.ActiveCfg = Release|Any CPU
		{858284C8-2CC1-41FE-8973-14894D30E26A}.Release|x64.Build.0 = Release|Any CPU
		{858284C8-2CC1-41FE-8973-14894D30E26A}.Release|x86.ActiveCfg = Release|Any CPU
		{858284C8-2CC1-41FE-8973-14894D30E26A}.Release|x86.Build.0 = Release|Any CPU
	EndGlobalSection
	GlobalSection(SolutionProperties) = preSolution
		HideSolutionNode = FALSE
	EndGlobalSection
	GlobalSection(NestedProjects) = preSolution
		{8D626EA8-CB54-BC41-363A-217881BEBA6E} = {827E0CD3-B72D-47B6-A68D-7590B98EB39B}
		{A62201D8-034B-446D-98E6-0DF428BC0E8B} = {8D626EA8-CB54-BC41-363A-217881BEBA6E}
		{68C6F24F-881D-4468-9D25-CA34DA9F88D6} = {8D626EA8-CB54-BC41-363A-217881BEBA6E}
		{DB4D9E2B-0843-4C1B-919A-FA8CCE093D0B} = {8D626EA8-CB54-BC41-363A-217881BEBA6E}
		{984BB9B3-3FA3-BE33-9484-CAC21695A33C} = {827E0CD3-B72D-47B6-A68D-7590B98EB39B}
		{2C08F5C7-1E7C-4379-9F3E-08DFAFE34975} = {984BB9B3-3FA3-BE33-9484-CAC21695A33C}
		{4B6F3C98-CFA8-4BC2-9DCB-016CDD050AC8} = {984BB9B3-3FA3-BE33-9484-CAC21695A33C}
		{BBB7B94B-6E11-D9F1-7BA6-9ECA82DB22BF} = {827E0CD3-B72D-47B6-A68D-7590B98EB39B}
		{858284C8-2CC1-41FE-8973-14894D30E26A} = {BBB7B94B-6E11-D9F1-7BA6-9ECA82DB22BF}
	EndGlobalSection
EndGlobal
